// !$*UTF8*$!
{
	archiveVersion = 1;
	classes = {
	};
	objectVersion = 50;
	objects = {

/* Begin PBXBuildFile section */
		6CDD2D8D260745FB00E4314D /* LangChangeViewController.swift in Sources */ = {isa = PBXBuildFile; fileRef = 6CDD2D8C260745FB00E4314D /* LangChangeViewController.swift */; };
		6CF2C9FB2606EDD3009F2B5C /* AppDelegate.swift in Sources */ = {isa = PBXBuildFile; fileRef = 6CF2C9FA2606EDD3009F2B5C /* AppDelegate.swift */; };
		6CF2C9FD2606EDD3009F2B5C /* SceneDelegate.swift in Sources */ = {isa = PBXBuildFile; fileRef = 6CF2C9FC2606EDD3009F2B5C /* SceneDelegate.swift */; };
		6CF2C9FF2606EDD3009F2B5C /* ViewController.swift in Sources */ = {isa = PBXBuildFile; fileRef = 6CF2C9FE2606EDD3009F2B5C /* ViewController.swift */; };
		6CF2CA022606EDD3009F2B5C /* Main.storyboard in Resources */ = {isa = PBXBuildFile; fileRef = 6CF2CA002606EDD3009F2B5C /* Main.storyboard */; };
		6CF2CA042606EDD3009F2B5C /* Assets.xcassets in Resources */ = {isa = PBXBuildFile; fileRef = 6CF2CA032606EDD3009F2B5C /* Assets.xcassets */; };
		6CF2CA072606EDD3009F2B5C /* LaunchScreen.storyboard in Resources */ = {isa = PBXBuildFile; fileRef = 6CF2CA052606EDD3009F2B5C /* LaunchScreen.storyboard */; };
		6CF2CA122606EE26009F2B5C /* Localizable.strings in Resources */ = {isa = PBXBuildFile; fileRef = 6CF2CA142606EE26009F2B5C /* Localizable.strings */; };
/* End PBXBuildFile section */

/* Begin PBXFileReference section */
		6CDD2D8826073B5600E4314D /* es */ = {isa = PBXFileReference; lastKnownFileType = text.plist.strings; name = es; path = es.lproj/Main.strings; sourceTree = "<group>"; };
		6CDD2D8926073B5600E4314D /* es */ = {isa = PBXFileReference; lastKnownFileType = text.plist.strings; name = es; path = es.lproj/LaunchScreen.strings; sourceTree = "<group>"; };
		6CDD2D8A26073B5600E4314D /* es */ = {isa = PBXFileReference; lastKnownFileType = text.plist.strings; name = es; path = es.lproj/Localizable.strings; sourceTree = "<group>"; };
		6CDD2D8C260745FB00E4314D /* LangChangeViewController.swift */ = {isa = PBXFileReference; lastKnownFileType = sourcecode.swift; path = LangChangeViewController.swift; sourceTree = "<group>"; };
		6CF2C9F72606EDD3009F2B5C /* Localize101.app */ = {isa = PBXFileReference; explicitFileType = wrapper.application; includeInIndex = 0; path = Localize101.app; sourceTree = BUILT_PRODUCTS_DIR; };
		6CF2C9FA2606EDD3009F2B5C /* AppDelegate.swift */ = {isa = PBXFileReference; lastKnownFileType = sourcecode.swift; path = AppDelegate.swift; sourceTree = "<group>"; };
		6CF2C9FC2606EDD3009F2B5C /* SceneDelegate.swift */ = {isa = PBXFileReference; lastKnownFileType = sourcecode.swift; path = SceneDelegate.swift; sourceTree = "<group>"; };
		6CF2C9FE2606EDD3009F2B5C /* ViewController.swift */ = {isa = PBXFileReference; lastKnownFileType = sourcecode.swift; path = ViewController.swift; sourceTree = "<group>"; };
		6CF2CA012606EDD3009F2B5C /* Base */ = {isa = PBXFileReference; lastKnownFileType = file.storyboard; name = Base; path = Base.lproj/Main.storyboard; sourceTree = "<group>"; };
		6CF2CA032606EDD3009F2B5C /* Assets.xcassets */ = {isa = PBXFileReference; lastKnownFileType = folder.assetcatalog; path = Assets.xcassets; sourceTree = "<group>"; };
		6CF2CA062606EDD3009F2B5C /* Base */ = {isa = PBXFileReference; lastKnownFileType = file.storyboard; name = Base; path = Base.lproj/LaunchScreen.storyboard; sourceTree = "<group>"; };
		6CF2CA082606EDD3009F2B5C /* Info.plist */ = {isa = PBXFileReference; lastKnownFileType = text.plist.xml; path = Info.plist; sourceTree = "<group>"; };
		6CF2CA132606EE26009F2B5C /* en */ = {isa = PBXFileReference; lastKnownFileType = text.plist.strings; name = en; path = en.lproj/Localizable.strings; sourceTree = "<group>"; };
		6CF2CA1626073AC2009F2B5C /* ko */ = {isa = PBXFileReference; lastKnownFileType = text.plist.strings; name = ko; path = ko.lproj/Main.strings; sourceTree = "<group>"; };
		6CF2CA1726073AC2009F2B5C /* ko */ = {isa = PBXFileReference; lastKnownFileType = text.plist.strings; name = ko; path = ko.lproj/LaunchScreen.strings; sourceTree = "<group>"; };
		6CF2CA1826073AC2009F2B5C /* ko */ = {isa = PBXFileReference; lastKnownFileType = text.plist.strings; name = ko; path = ko.lproj/Localizable.strings; sourceTree = "<group>"; };
/* End PBXFileReference section */

/* Begin PBXFrameworksBuildPhase section */
		6CF2C9F42606EDD3009F2B5C /* Frameworks */ = {
			isa = PBXFrameworksBuildPhase;
			buildActionMask = 2147483647;
			files = (
			);
			runOnlyForDeploymentPostprocessing = 0;
		};
/* End PBXFrameworksBuildPhase section */

/* Begin PBXGroup section */
		6CF2C9EE2606EDD3009F2B5C = {
			isa = PBXGroup;
			children = (
				6CF2C9F92606EDD3009F2B5C /* Localize101 */,
				6CF2C9F82606EDD3009F2B5C /* Products */,
			);
			sourceTree = "<group>";
		};
		6CF2C9F82606EDD3009F2B5C /* Products */ = {
			isa = PBXGroup;
			children = (
				6CF2C9F72606EDD3009F2B5C /* Localize101.app */,
			);
			name = Products;
			sourceTree = "<group>";
		};
		6CF2C9F92606EDD3009F2B5C /* Localize101 */ = {
			isa = PBXGroup;
			children = (
				6CF2C9FA2606EDD3009F2B5C /* AppDelegate.swift */,
				6CF2C9FC2606EDD3009F2B5C /* SceneDelegate.swift */,
				6CF2C9FE2606EDD3009F2B5C /* ViewController.swift */,
				6CDD2D8C260745FB00E4314D /* LangChangeViewController.swift */,
				6CF2CA142606EE26009F2B5C /* Localizable.strings */,
				6CF2CA002606EDD3009F2B5C /* Main.storyboard */,
				6CF2CA032606EDD3009F2B5C /* Assets.xcassets */,
				6CF2CA052606EDD3009F2B5C /* LaunchScreen.storyboard */,
				6CF2CA082606EDD3009F2B5C /* Info.plist */,
			);
			path = Localize101;
			sourceTree = "<group>";
		};
/* End PBXGroup section */

/* Begin PBXNativeTarget section */
		6CF2C9F62606EDD3009F2B5C /* Localize101 */ = {
			isa = PBXNativeTarget;
			buildConfigurationList = 6CF2CA0B2606EDD3009F2B5C /* Build configuration list for PBXNativeTarget "Localize101" */;
			buildPhases = (
				6CF2C9F32606EDD3009F2B5C /* Sources */,
				6CF2C9F42606EDD3009F2B5C /* Frameworks */,
				6CF2C9F52606EDD3009F2B5C /* Resources */,
			);
			buildRules = (
			);
			dependencies = (
			);
			name = Localize101;
			productName = Localize101;
			productReference = 6CF2C9F72606EDD3009F2B5C /* Localize101.app */;
			productType = "com.apple.product-type.application";
		};
/* End PBXNativeTarget section */

/* Begin PBXProject section */
		6CF2C9EF2606EDD3009F2B5C /* Project object */ = {
			isa = PBXProject;
			attributes = {
				LastSwiftUpdateCheck = 1240;
				LastUpgradeCheck = 1240;
				TargetAttributes = {
					6CF2C9F62606EDD3009F2B5C = {
						CreatedOnToolsVersion = 12.4;
					};
				};
			};
			buildConfigurationList = 6CF2C9F22606EDD3009F2B5C /* Build configuration list for PBXProject "Localize101" */;
			compatibilityVersion = "Xcode 9.3";
			developmentRegion = en;
			hasScannedForEncodings = 0;
			knownRegions = (
				en,
				Base,
				ko,
				es,
			);
			mainGroup = 6CF2C9EE2606EDD3009F2B5C;
			productRefGroup = 6CF2C9F82606EDD3009F2B5C /* Products */;
			projectDirPath = "";
			projectRoot = "";
			targets = (
				6CF2C9F62606EDD3009F2B5C /* Localize101 */,
			);
		};
/* End PBXProject section */

/* Begin PBXResourcesBuildPhase section */
		6CF2C9F52606EDD3009F2B5C /* Resources */ = {
			isa = PBXResourcesBuildPhase;
			buildActionMask = 2147483647;
			files = (
				6CF2CA072606EDD3009F2B5C /* LaunchScreen.storyboard in Resources */,
				6CF2CA122606EE26009F2B5C /* Localizable.strings in Resources */,
				6CF2CA042606EDD3009F2B5C /* Assets.xcassets in Resources */,
				6CF2CA022606EDD3009F2B5C /* Main.storyboard in Resources */,
			);
			runOnlyForDeploymentPostprocessing = 0;
		};
/* End PBXResourcesBuildPhase section */

/* Begin PBXSourcesBuildPhase section */
		6CF2C9F32606EDD3009F2B5C /* Sources */ = {
			isa = PBXSourcesBuildPhase;
			buildActionMask = 2147483647;
			files = (
				6CDD2D8D260745FB00E4314D /* LangChangeViewController.swift in Sources */,
				6CF2C9FF2606EDD3009F2B5C /* ViewController.swift in Sources */,
				6CF2C9FB2606EDD3009F2B5C /* AppDelegate.swift in Sources */,
				6CF2C9FD2606EDD3009F2B5C /* SceneDelegate.swift in Sources */,
			);
			runOnlyForDeploymentPostprocessing = 0;
		};
/* End PBXSourcesBuildPhase section */

/* Begin PBXVariantGroup section */
		6CF2CA002606EDD3009F2B5C /* Main.storyboard */ = {
			isa = PBXVariantGroup;
			children = (
				6CF2CA012606EDD3009F2B5C /* Base */,
				6CF2CA1626073AC2009F2B5C /* ko */,
				6CDD2D8826073B5600E4314D /* es */,
			);
			name = Main.storyboard;
			sourceTree = "<group>";
		};
		6CF2CA052606EDD3009F2B5C /* LaunchScreen.storyboard */ = {
			isa = PBXVariantGroup;
			children = (
				6CF2CA062606EDD3009F2B5C /* Base */,
				6CF2CA1726073AC2009F2B5C /* ko */,
				6CDD2D8926073B5600E4314D /* es */,
			);
			name = LaunchScreen.storyboard;
			sourceTree = "<group>";
		};
		6CF2CA142606EE26009F2B5C /* Localizable.strings */ = {
			isa = PBXVariantGroup;
			children = (
				6CF2CA132606EE26009F2B5C /* en */,
				6CF2CA1826073AC2009F2B5C /* ko */,
				6CDD2D8A26073B5600E4314D /* es */,
			);
			name = Localizable.strings;
			sourceTree = "<group>";
		};
/* End PBXVariantGroup section */

/* Begin XCBuildConfiguration section */
		6CF2CA092606EDD3009F2B5C /* Debug */ = {
			isa = XCBuildConfiguration;
			buildSettings = {
				ALWAYS_SEARCH_USER_PATHS = NO;
				CLANG_ANALYZER_LOCALIZABILITY_NONLOCALIZED = YES;
				CLANG_ANALYZER_NONNULL = YES;
				CLANG_ANALYZER_NUMBER_OBJECT_CONVERSION = YES_AGGRESSIVE;
				CLANG_CXX_LANGUAGE_STANDARD = "gnu++14";
				CLANG_CXX_LIBRARY = "libc++";
				CLANG_ENABLE_MODULES = YES;
				CLANG_ENABLE_OBJC_ARC = YES;
				CLANG_ENABLE_OBJC_WEAK = YES;
				CLANG_WARN_BLOCK_CAPTURE_AUTORELEASING = YES;
				CLANG_WARN_BOOL_CONVERSION = YES;
				CLANG_WARN_COMMA = YES;
				CLANG_WARN_CONSTANT_CONVERSION = YES;
				CLANG_WARN_DEPRECATED_OBJC_IMPLEMENTATIONS = YES;
				CLANG_WARN_DIRECT_OBJC_ISA_USAGE = YES_ERROR;
				CLANG_WARN_DOCUMENTATION_COMMENTS = YES;
				CLANG_WARN_EMPTY_BODY = YES;
				CLANG_WARN_ENUM_CONVERSION = YES;
				CLANG_WARN_INFINITE_RECURSION = YES;
				CLANG_WARN_INT_CONVERSION = YES;
				CLANG_WARN_NON_LITERAL_NULL_CONVERSION = YES;
				CLANG_WARN_OBJC_IMPLICIT_RETAIN_SELF = YES;
				CLANG_WARN_OBJC_LITERAL_CONVERSION = YES;
				CLANG_WARN_OBJC_ROOT_CLASS = YES_ERROR;
				CLANG_WARN_QUOTED_INCLUDE_IN_FRAMEWORK_HEADER = YES;
				CLANG_WARN_RANGE_LOOP_ANALYSIS = YES;
				CLANG_WARN_STRICT_PROTOTYPES = YES;
				CLANG_WARN_SUSPICIOUS_MOVE = YES;
				CLANG_WARN_UNGUARDED_AVAILABILITY = YES_AGGRESSIVE;
				CLANG_WARN_UNREACHABLE_CODE = YES;
				CLANG_WARN__DUPLICATE_METHOD_MATCH = YES;
				COPY_PHASE_STRIP = NO;
				DEBUG_INFORMATION_FORMAT = dwarf;
				ENABLE_STRICT_OBJC_MSGSEND = YES;
				ENABLE_TESTABILITY = YES;
				GCC_C_LANGUAGE_STANDARD = gnu11;
				GCC_DYNAMIC_NO_PIC = NO;
				GCC_NO_COMMON_BLOCKS = YES;
				GCC_OPTIMIZATION_LEVEL = 0;
				GCC_PREPROCESSOR_DEFINITIONS = (
					"DEBUG=1",
					"$(inherited)",
				);
				GCC_WARN_64_TO_32_BIT_CONVERSION = YES;
				GCC_WARN_ABOUT_RETURN_TYPE = YES_ERROR;
				GCC_WARN_UNDECLARED_SELECTOR = YES;
				GCC_WARN_UNINITIALIZED_AUTOS = YES_AGGRESSIVE;
				GCC_WARN_UNUSED_FUNCTION = YES;
				GCC_WARN_UNUSED_VARIABLE = YES;
				IPHONEOS_DEPLOYMENT_TARGET = 14.4;
				MTL_ENABLE_DEBUG_INFO = INCLUDE_SOURCE;
				MTL_FAST_MATH = YES;
				ONLY_ACTIVE_ARCH = YES;
				SDKROOT = iphoneos;
				SWIFT_ACTIVE_COMPILATION_CONDITIONS = DEBUG;
				SWIFT_OPTIMIZATION_LEVEL = "-Onone";
			};
			name = Debug;
		};
		6CF2CA0A2606EDD3009F2B5C /* Release */ = {
			isa = XCBuildConfiguration;
			buildSettings = {
				ALWAYS_SEARCH_USER_PATHS = NO;
				CLANG_ANALYZER_LOCALIZABILITY_NONLOCALIZED = YES;
				CLANG_ANALYZER_NONNULL = YES;
				CLANG_ANALYZER_NUMBER_OBJECT_CONVERSION = YES_AGGRESSIVE;
				CLANG_CXX_LANGUAGE_STANDARD = "gnu++14";
				CLANG_CXX_LIBRARY = "libc++";
				CLANG_ENABLE_MODULES = YES;
				CLANG_ENABLE_OBJC_ARC = YES;
				CLANG_ENABLE_OBJC_WEAK = YES;
				CLANG_WARN_BLOCK_CAPTURE_AUTORELEASING = YES;
				CLANG_WARN_BOOL_CONVERSION = YES;
				CLANG_WARN_COMMA = YES;
				CLANG_WARN_CONSTANT_CONVERSION = YES;
				CLANG_WARN_DEPRECATED_OBJC_IMPLEMENTATIONS = YES;
				CLANG_WARN_DIRECT_OBJC_ISA_USAGE = YES_ERROR;
				CLANG_WARN_DOCUMENTATION_COMMENTS = YES;
				CLANG_WARN_EMPTY_BODY = YES;
				CLANG_WARN_ENUM_CONVERSION = YES;
				CLANG_WARN_INFINITE_RECURSION = YES;
				CLANG_WARN_INT_CONVERSION = YES;
				CLANG_WARN_NON_LITERAL_NULL_CONVERSION = YES;
				CLANG_WARN_OBJC_IMPLICIT_RETAIN_SELF = YES;
				CLANG_WARN_OBJC_LITERAL_CONVERSION = YES;
				CLANG_WARN_OBJC_ROOT_CLASS = YES_ERROR;
				CLANG_WARN_QUOTED_INCLUDE_IN_FRAMEWORK_HEADER = YES;
				CLANG_WARN_RANGE_LOOP_ANALYSIS = YES;
				CLANG_WARN_STRICT_PROTOTYPES = YES;
				CLANG_WARN_SUSPICIOUS_MOVE = YES;
				CLANG_WARN_UNGUARDED_AVAILABILITY = YES_AGGRESSIVE;
				CLANG_WARN_UNREACHABLE_CODE = YES;
				CLANG_WARN__DUPLICATE_METHOD_MATCH = YES;
				COPY_PHASE_STRIP = NO;
				DEBUG_INFORMATION_FORMAT = "dwarf-with-dsym";
				ENABLE_NS_ASSERTIONS = NO;
				ENABLE_STRICT_OBJC_MSGSEND = YES;
				GCC_C_LANGUAGE_STANDARD = gnu11;
				GCC_NO_COMMON_BLOCKS = YES;
				GCC_WARN_64_TO_32_BIT_CONVERSION = YES;
				GCC_WARN_ABOUT_RETURN_TYPE = YES_ERROR;
				GCC_WARN_UNDECLARED_SELECTOR = YES;
				GCC_WARN_UNINITIALIZED_AUTOS = YES_AGGRESSIVE;
				GCC_WARN_UNUSED_FUNCTION = YES;
				GCC_WARN_UNUSED_VARIABLE = YES;
				IPHONEOS_DEPLOYMENT_TARGET = 14.4;
				MTL_ENABLE_DEBUG_INFO = NO;
				MTL_FAST_MATH = YES;
				SDKROOT = iphoneos;
				SWIFT_COMPILATION_MODE = wholemodule;
				SWIFT_OPTIMIZATION_LEVEL = "-O";
				VALIDATE_PRODUCT = YES;
			};
			name = Release;
		};
		6CF2CA0C2606EDD3009F2B5C /* Debug */ = {
			isa = XCBuildConfiguration;
			buildSettings = {
				ASSETCATALOG_COMPILER_APPICON_NAME = AppIcon;
				ASSETCATALOG_COMPILER_GLOBAL_ACCENT_COLOR_NAME = AccentColor;
				CODE_SIGN_STYLE = Automatic;
				DEVELOPMENT_TEAM = L938T5Q7J8;
				INFOPLIST_FILE = Localize101/Info.plist;
				LD_RUNPATH_SEARCH_PATHS = (
					"$(inherited)",
					"@executable_path/Frameworks",
				);
				PRODUCT_BUNDLE_IDENTIFIER = "-.Localize101";
				PRODUCT_NAME = "$(TARGET_NAME)";
				SWIFT_VERSION = 5.0;
				TARGETED_DEVICE_FAMILY = "1,2";
			};
			name = Debug;
		};
		6CF2CA0D2606EDD3009F2B5C /* Release */ = {
			isa = XCBuildConfiguration;
			buildSettings = {
				ASSETCATALOG_COMPILER_APPICON_NAME = AppIcon;
				ASSETCATALOG_COMPILER_GLOBAL_ACCENT_COLOR_NAME = AccentColor;
				CODE_SIGN_STYLE = Automatic;
				DEVELOPMENT_TEAM = L938T5Q7J8;
				INFOPLIST_FILE = Localize101/Info.plist;
				LD_RUNPATH_SEARCH_PATHS = (
					"$(inherited)",
					"@executable_path/Frameworks",
				);
				PRODUCT_BUNDLE_IDENTIFIER = "-.Localize101";
				PRODUCT_NAME = "$(TARGET_NAME)";
				SWIFT_VERSION = 5.0;
				TARGETED_DEVICE_FAMILY = "1,2";
			};
			name = Release;
		};
/* End XCBuildConfiguration section */

/* Begin XCConfigurationList section */
		6CF2C9F22606EDD3009F2B5C /* Build configuration list for PBXProject "Localize101" */ = {
			isa = XCConfigurationList;
			buildConfigurations = (
				6CF2CA092606EDD3009F2B5C /* Debug */,
				6CF2CA0A2606EDD3009F2B5C /* Release */,
			);
			defaultConfigurationIsVisible = 0;
			defaultConfigurationName = Release;
		};
		6CF2CA0B2606EDD3009F2B5C /* Build configuration list for PBXNativeTarget "Localize101" */ = {
			isa = XCConfigurationList;
			buildConfigurations = (
				6CF2CA0C2606EDD3009F2B5C /* Debug */,
				6CF2CA0D2606EDD3009F2B5C /* Release */,
			);
			defaultConfigurationIsVisible = 0;
			defaultConfigurationName = Release;
		};
/* End XCConfigurationList section */
	};
	rootObject = 6CF2C9EF2606EDD3009F2B5C /* Project object */;
}
